// !$*UTF8*$!
{
	archiveVersion = 1;
	classes = {
	};
	objectVersion = 50;
	objects = {

/* Begin PBXBuildFile section */
		5B080B342376EFD500D6B53E /* CustomTableViewCell.xib in Resources */ = {isa = PBXBuildFile; fileRef = 5B080B332376EFD500D6B53E /* CustomTableViewCell.xib */; };
		5B9B8285237208BD0069C734 /* AppDelegate.swift in Sources */ = {isa = PBXBuildFile; fileRef = 5B9B8284237208BD0069C734 /* AppDelegate.swift */; };
		5B9B8287237208BD0069C734 /* SceneDelegate.swift in Sources */ = {isa = PBXBuildFile; fileRef = 5B9B8286237208BD0069C734 /* SceneDelegate.swift */; };
		5B9B8289237208BD0069C734 /* ViewController.swift in Sources */ = {isa = PBXBuildFile; fileRef = 5B9B8288237208BD0069C734 /* ViewController.swift */; };
		5B9B828C237208BD0069C734 /* Main.storyboard in Resources */ = {isa = PBXBuildFile; fileRef = 5B9B828A237208BD0069C734 /* Main.storyboard */; };
		5B9B828E237208CA0069C734 /* Assets.xcassets in Resources */ = {isa = PBXBuildFile; fileRef = 5B9B828D237208CA0069C734 /* Assets.xcassets */; };
		5B9B8291237208CA0069C734 /* LaunchScreen.storyboard in Resources */ = {isa = PBXBuildFile; fileRef = 5B9B828F237208CA0069C734 /* LaunchScreen.storyboard */; };
		5B9B829C237208CB0069C734 /* ShoppingListTests.swift in Sources */ = {isa = PBXBuildFile; fileRef = 5B9B829B237208CB0069C734 /* ShoppingListTests.swift */; };
		5B9B82A7237208CB0069C734 /* ShoppingListUITests.swift in Sources */ = {isa = PBXBuildFile; fileRef = 5B9B82A6237208CB0069C734 /* ShoppingListUITests.swift */; };
		5BB030FC237A97D5009B9552 /* logo.png in Resources */ = {isa = PBXBuildFile; fileRef = 5BB030FB237A97D5009B9552 /* logo.png */; };
		5BC9153323797F2E007DE5E5 /* apfel.jpg in Resources */ = {isa = PBXBuildFile; fileRef = 5BC9153023797F2E007DE5E5 /* apfel.jpg */; };
		5BC9153423797F2E007DE5E5 /* banane.jpg in Resources */ = {isa = PBXBuildFile; fileRef = 5BC9153123797F2E007DE5E5 /* banane.jpg */; };
		5BC9153523797F2E007DE5E5 /* orange.jpeg in Resources */ = {isa = PBXBuildFile; fileRef = 5BC9153223797F2E007DE5E5 /* orange.jpeg */; };
		5BC91537237987DC007DE5E5 /* ItemViewController.swift in Sources */ = {isa = PBXBuildFile; fileRef = 5BC91536237987DC007DE5E5 /* ItemViewController.swift */; };
/* End PBXBuildFile section */

/* Begin PBXContainerItemProxy section */
		5B9B8298237208CB0069C734 /* PBXContainerItemProxy */ = {
			isa = PBXContainerItemProxy;
			containerPortal = 5B9B8279237208BD0069C734 /* Project object */;
			proxyType = 1;
			remoteGlobalIDString = 5B9B8280237208BD0069C734;
			remoteInfo = ShoppingList;
		};
		5B9B82A3237208CB0069C734 /* PBXContainerItemProxy */ = {
			isa = PBXContainerItemProxy;
			containerPortal = 5B9B8279237208BD0069C734 /* Project object */;
			proxyType = 1;
			remoteGlobalIDString = 5B9B8280237208BD0069C734;
			remoteInfo = ShoppingList;
		};
/* End PBXContainerItemProxy section */

/* Begin PBXFileReference section */
		5B080B332376EFD500D6B53E /* CustomTableViewCell.xib */ = {isa = PBXFileReference; lastKnownFileType = file.xib; path = CustomTableViewCell.xib; sourceTree = "<group>"; };
		5B9B8281237208BD0069C734 /* ShoppingList.app */ = {isa = PBXFileReference; explicitFileType = wrapper.application; includeInIndex = 0; path = ShoppingList.app; sourceTree = BUILT_PRODUCTS_DIR; };
		5B9B8284237208BD0069C734 /* AppDelegate.swift */ = {isa = PBXFileReference; lastKnownFileType = sourcecode.swift; path = AppDelegate.swift; sourceTree = "<group>"; };
		5B9B8286237208BD0069C734 /* SceneDelegate.swift */ = {isa = PBXFileReference; lastKnownFileType = sourcecode.swift; path = SceneDelegate.swift; sourceTree = "<group>"; };
		5B9B8288237208BD0069C734 /* ViewController.swift */ = {isa = PBXFileReference; lastKnownFileType = sourcecode.swift; path = ViewController.swift; sourceTree = "<group>"; };
		5B9B828B237208BD0069C734 /* Base */ = {isa = PBXFileReference; lastKnownFileType = file.storyboard; name = Base; path = Base.lproj/Main.storyboard; sourceTree = "<group>"; };
		5B9B828D237208CA0069C734 /* Assets.xcassets */ = {isa = PBXFileReference; lastKnownFileType = folder.assetcatalog; path = Assets.xcassets; sourceTree = "<group>"; };
		5B9B8290237208CA0069C734 /* Base */ = {isa = PBXFileReference; lastKnownFileType = file.storyboard; name = Base; path = Base.lproj/LaunchScreen.storyboard; sourceTree = "<group>"; };
		5B9B8292237208CA0069C734 /* Info.plist */ = {isa = PBXFileReference; lastKnownFileType = text.plist.xml; path = Info.plist; sourceTree = "<group>"; };
		5B9B8297237208CB0069C734 /* ShoppingListTests.xctest */ = {isa = PBXFileReference; explicitFileType = wrapper.cfbundle; includeInIndex = 0; path = ShoppingListTests.xctest; sourceTree = BUILT_PRODUCTS_DIR; };
		5B9B829B237208CB0069C734 /* ShoppingListTests.swift */ = {isa = PBXFileReference; lastKnownFileType = sourcecode.swift; path = ShoppingListTests.swift; sourceTree = "<group>"; };
		5B9B829D237208CB0069C734 /* Info.plist */ = {isa = PBXFileReference; lastKnownFileType = text.plist.xml; path = Info.plist; sourceTree = "<group>"; };
		5B9B82A2237208CB0069C734 /* ShoppingListUITests.xctest */ = {isa = PBXFileReference; explicitFileType = wrapper.cfbundle; includeInIndex = 0; path = ShoppingListUITests.xctest; sourceTree = BUILT_PRODUCTS_DIR; };
		5B9B82A6237208CB0069C734 /* ShoppingListUITests.swift */ = {isa = PBXFileReference; lastKnownFileType = sourcecode.swift; path = ShoppingListUITests.swift; sourceTree = "<group>"; };
		5B9B82A8237208CB0069C734 /* Info.plist */ = {isa = PBXFileReference; lastKnownFileType = text.plist.xml; path = Info.plist; sourceTree = "<group>"; };
		5BB030FB237A97D5009B9552 /* logo.png */ = {isa = PBXFileReference; lastKnownFileType = image.png; path = logo.png; sourceTree = "<group>"; };
		5BC9153023797F2E007DE5E5 /* apfel.jpg */ = {isa = PBXFileReference; lastKnownFileType = image.jpeg; path = apfel.jpg; sourceTree = "<group>"; };
		5BC9153123797F2E007DE5E5 /* banane.jpg */ = {isa = PBXFileReference; lastKnownFileType = image.jpeg; path = banane.jpg; sourceTree = "<group>"; };
		5BC9153223797F2E007DE5E5 /* orange.jpeg */ = {isa = PBXFileReference; lastKnownFileType = image.jpeg; path = orange.jpeg; sourceTree = "<group>"; };
		5BC91536237987DC007DE5E5 /* ItemViewController.swift */ = {isa = PBXFileReference; lastKnownFileType = sourcecode.swift; path = ItemViewController.swift; sourceTree = "<group>"; };
/* End PBXFileReference section */

/* Begin PBXFrameworksBuildPhase section */
		5B9B827E237208BD0069C734 /* Frameworks */ = {
			isa = PBXFrameworksBuildPhase;
			buildActionMask = 2147483647;
			files = (
			);
			runOnlyForDeploymentPostprocessing = 0;
		};
		5B9B8294237208CB0069C734 /* Frameworks */ = {
			isa = PBXFrameworksBuildPhase;
			buildActionMask = 2147483647;
			files = (
			);
			runOnlyForDeploymentPostprocessing = 0;
		};
		5B9B829F237208CB0069C734 /* Frameworks */ = {
			isa = PBXFrameworksBuildPhase;
			buildActionMask = 2147483647;
			files = (
			);
			runOnlyForDeploymentPostprocessing = 0;
		};
/* End PBXFrameworksBuildPhase section */

/* Begin PBXGroup section */
		5B9B8278237208BD0069C734 = {
			isa = PBXGroup;
			children = (
				5B9B8283237208BD0069C734 /* ShoppingList */,
				5B9B829A237208CB0069C734 /* ShoppingListTests */,
				5B9B82A5237208CB0069C734 /* ShoppingListUITests */,
				5B9B8282237208BD0069C734 /* Products */,
			);
			sourceTree = "<group>";
		};
		5B9B8282237208BD0069C734 /* Products */ = {
			isa = PBXGroup;
			children = (
				5B9B8281237208BD0069C734 /* ShoppingList.app */,
				5B9B8297237208CB0069C734 /* ShoppingListTests.xctest */,
				5B9B82A2237208CB0069C734 /* ShoppingListUITests.xctest */,
			);
			name = Products;
			sourceTree = "<group>";
		};
		5B9B8283237208BD0069C734 /* ShoppingList */ = {
			isa = PBXGroup;
			children = (
				5B9B8284237208BD0069C734 /* AppDelegate.swift */,
				5B9B8286237208BD0069C734 /* SceneDelegate.swift */,
				5B9B8288237208BD0069C734 /* ViewController.swift */,
				5BC91536237987DC007DE5E5 /* ItemViewController.swift */,
				5B9B828A237208BD0069C734 /* Main.storyboard */,
				5B9B828D237208CA0069C734 /* Assets.xcassets */,
				5BC9153023797F2E007DE5E5 /* apfel.jpg */,
				5BC9153123797F2E007DE5E5 /* banane.jpg */,
				5BC9153223797F2E007DE5E5 /* orange.jpeg */,
				5B9B828F237208CA0069C734 /* LaunchScreen.storyboard */,
				5B9B8292237208CA0069C734 /* Info.plist */,
				5BB030FB237A97D5009B9552 /* logo.png */,
				5B080B332376EFD500D6B53E /* CustomTableViewCell.xib */,
			);
			path = ShoppingList;
			sourceTree = "<group>";
		};
		5B9B829A237208CB0069C734 /* ShoppingListTests */ = {
			isa = PBXGroup;
			children = (
				5B9B829B237208CB0069C734 /* ShoppingListTests.swift */,
				5B9B829D237208CB0069C734 /* Info.plist */,
			);
			path = ShoppingListTests;
			sourceTree = "<group>";
		};
		5B9B82A5237208CB0069C734 /* ShoppingListUITests */ = {
			isa = PBXGroup;
			children = (
				5B9B82A6237208CB0069C734 /* ShoppingListUITests.swift */,
				5B9B82A8237208CB0069C734 /* Info.plist */,
			);
			path = ShoppingListUITests;
			sourceTree = "<group>";
		};
/* End PBXGroup section */

/* Begin PBXNativeTarget section */
		5B9B8280237208BD0069C734 /* ShoppingList */ = {
			isa = PBXNativeTarget;
			buildConfigurationList = 5B9B82AB237208CB0069C734 /* Build configuration list for PBXNativeTarget "ShoppingList" */;
			buildPhases = (
				5B9B827D237208BD0069C734 /* Sources */,
				5B9B827E237208BD0069C734 /* Frameworks */,
				5B9B827F237208BD0069C734 /* Resources */,
			);
			buildRules = (
			);
			dependencies = (
			);
			name = ShoppingList;
			productName = ShoppingList;
			productReference = 5B9B8281237208BD0069C734 /* ShoppingList.app */;
			productType = "com.apple.product-type.application";
		};
		5B9B8296237208CB0069C734 /* ShoppingListTests */ = {
			isa = PBXNativeTarget;
			buildConfigurationList = 5B9B82AE237208CB0069C734 /* Build configuration list for PBXNativeTarget "ShoppingListTests" */;
			buildPhases = (
				5B9B8293237208CB0069C734 /* Sources */,
				5B9B8294237208CB0069C734 /* Frameworks */,
				5B9B8295237208CB0069C734 /* Resources */,
			);
			buildRules = (
			);
			dependencies = (
				5B9B8299237208CB0069C734 /* PBXTargetDependency */,
			);
			name = ShoppingListTests;
			productName = ShoppingListTests;
			productReference = 5B9B8297237208CB0069C734 /* ShoppingListTests.xctest */;
			productType = "com.apple.product-type.bundle.unit-test";
		};
		5B9B82A1237208CB0069C734 /* ShoppingListUITests */ = {
			isa = PBXNativeTarget;
			buildConfigurationList = 5B9B82B1237208CB0069C734 /* Build configuration list for PBXNativeTarget "ShoppingListUITests" */;
			buildPhases = (
				5B9B829E237208CB0069C734 /* Sources */,
				5B9B829F237208CB0069C734 /* Frameworks */,
				5B9B82A0237208CB0069C734 /* Resources */,
			);
			buildRules = (
			);
			dependencies = (
				5B9B82A4237208CB0069C734 /* PBXTargetDependency */,
			);
			name = ShoppingListUITests;
			productName = ShoppingListUITests;
			productReference = 5B9B82A2237208CB0069C734 /* ShoppingListUITests.xctest */;
			productType = "com.apple.product-type.bundle.ui-testing";
		};
/* End PBXNativeTarget section */

/* Begin PBXProject section */
		5B9B8279237208BD0069C734 /* Project object */ = {
			isa = PBXProject;
			attributes = {
				LastSwiftUpdateCheck = 1120;
				LastUpgradeCheck = 1120;
				ORGANIZATIONNAME = "Alexandra Englert";
				TargetAttributes = {
					5B9B8280237208BD0069C734 = {
						CreatedOnToolsVersion = 11.2;
					};
					5B9B8296237208CB0069C734 = {
						CreatedOnToolsVersion = 11.2;
						TestTargetID = 5B9B8280237208BD0069C734;
					};
					5B9B82A1237208CB0069C734 = {
						CreatedOnToolsVersion = 11.2;
						TestTargetID = 5B9B8280237208BD0069C734;
					};
				};
			};
			buildConfigurationList = 5B9B827C237208BD0069C734 /* Build configuration list for PBXProject "ShoppingList" */;
			compatibilityVersion = "Xcode 9.3";
			developmentRegion = en;
			hasScannedForEncodings = 0;
			knownRegions = (
				en,
				Base,
			);
			mainGroup = 5B9B8278237208BD0069C734;
			productRefGroup = 5B9B8282237208BD0069C734 /* Products */;
			projectDirPath = "";
			projectRoot = "";
			targets = (
				5B9B8280237208BD0069C734 /* ShoppingList */,
				5B9B8296237208CB0069C734 /* ShoppingListTests */,
				5B9B82A1237208CB0069C734 /* ShoppingListUITests */,
			);
		};
/* End PBXProject section */

/* Begin PBXResourcesBuildPhase section */
		5B9B827F237208BD0069C734 /* Resources */ = {
			isa = PBXResourcesBuildPhase;
			buildActionMask = 2147483647;
			files = (
				5BC9153423797F2E007DE5E5 /* banane.jpg in Resources */,
				5BC9153323797F2E007DE5E5 /* apfel.jpg in Resources */,
				5B9B8291237208CA0069C734 /* LaunchScreen.storyboard in Resources */,
				5B9B828E237208CA0069C734 /* Assets.xcassets in Resources */,
				5BB030FC237A97D5009B9552 /* logo.png in Resources */,
				5BC9153523797F2E007DE5E5 /* orange.jpeg in Resources */,
				5B080B342376EFD500D6B53E /* CustomTableViewCell.xib in Resources */,
				5B9B828C237208BD0069C734 /* Main.storyboard in Resources */,
			);
			runOnlyForDeploymentPostprocessing = 0;
		};
		5B9B8295237208CB0069C734 /* Resources */ = {
			isa = PBXResourcesBuildPhase;
			buildActionMask = 2147483647;
			files = (
			);
			runOnlyForDeploymentPostprocessing = 0;
		};
		5B9B82A0237208CB0069C734 /* Resources */ = {
			isa = PBXResourcesBuildPhase;
			buildActionMask = 2147483647;
			files = (
			);
			runOnlyForDeploymentPostprocessing = 0;
		};
/* End PBXResourcesBuildPhase section */

/* Begin PBXSourcesBuildPhase section */
		5B9B827D237208BD0069C734 /* Sources */ = {
			isa = PBXSourcesBuildPhase;
			buildActionMask = 2147483647;
			files = (
				5B9B8289237208BD0069C734 /* ViewController.swift in Sources */,
				5BC91537237987DC007DE5E5 /* ItemViewController.swift in Sources */,
				5B9B8285237208BD0069C734 /* AppDelegate.swift in Sources */,
				5B9B8287237208BD0069C734 /* SceneDelegate.swift in Sources */,
			);
			runOnlyForDeploymentPostprocessing = 0;
		};
		5B9B8293237208CB0069C734 /* Sources */ = {
			isa = PBXSourcesBuildPhase;
			buildActionMask = 2147483647;
			files = (
				5B9B829C237208CB0069C734 /* ShoppingListTests.swift in Sources */,
			);
			runOnlyForDeploymentPostprocessing = 0;
		};
		5B9B829E237208CB0069C734 /* Sources */ = {
			isa = PBXSourcesBuildPhase;
			buildActionMask = 2147483647;
			files = (
				5B9B82A7237208CB0069C734 /* ShoppingListUITests.swift in Sources */,
			);
			runOnlyForDeploymentPostprocessing = 0;
		};
/* End PBXSourcesBuildPhase section */

/* Begin PBXTargetDependency section */
		5B9B8299237208CB0069C734 /* PBXTargetDependency */ = {
			isa = PBXTargetDependency;
			target = 5B9B8280237208BD0069C734 /* ShoppingList */;
			targetProxy = 5B9B8298237208CB0069C734 /* PBXContainerItemProxy */;
		};
		5B9B82A4237208CB0069C734 /* PBXTargetDependency */ = {
			isa = PBXTargetDependency;
			target = 5B9B8280237208BD0069C734 /* ShoppingList */;
			targetProxy = 5B9B82A3237208CB0069C734 /* PBXContainerItemProxy */;
		};
/* End PBXTargetDependency section */

/* Begin PBXVariantGroup section */
		5B9B828A237208BD0069C734 /* Main.storyboard */ = {
			isa = PBXVariantGroup;
			children = (
				5B9B828B237208BD0069C734 /* Base */,
			);
			name = Main.storyboard;
			sourceTree = "<group>";
		};
		5B9B828F237208CA0069C734 /* LaunchScreen.storyboard */ = {
			isa = PBXVariantGroup;
			children = (
				5B9B8290237208CA0069C734 /* Base */,
			);
			name = LaunchScreen.storyboard;
			sourceTree = "<group>";
		};
/* End PBXVariantGroup section */

/* Begin XCBuildConfiguration section */
		5B9B82A9237208CB0069C734 /* Debug */ = {
			isa = XCBuildConfiguration;
			buildSettings = {
				ALWAYS_SEARCH_USER_PATHS = NO;
				CLANG_ANALYZER_NONNULL = YES;
				CLANG_ANALYZER_NUMBER_OBJECT_CONVERSION = YES_AGGRESSIVE;
				CLANG_CXX_LANGUAGE_STANDARD = "gnu++14";
				CLANG_CXX_LIBRARY = "libc++";
				CLANG_ENABLE_MODULES = YES;
				CLANG_ENABLE_OBJC_ARC = YES;
				CLANG_ENABLE_OBJC_WEAK = YES;
				CLANG_WARN_BLOCK_CAPTURE_AUTORELEASING = YES;
				CLANG_WARN_BOOL_CONVERSION = YES;
				CLANG_WARN_COMMA = YES;
				CLANG_WARN_CONSTANT_CONVERSION = YES;
				CLANG_WARN_DEPRECATED_OBJC_IMPLEMENTATIONS = YES;
				CLANG_WARN_DIRECT_OBJC_ISA_USAGE = YES_ERROR;
				CLANG_WARN_DOCUMENTATION_COMMENTS = YES;
				CLANG_WARN_EMPTY_BODY = YES;
				CLANG_WARN_ENUM_CONVERSION = YES;
				CLANG_WARN_INFINITE_RECURSION = YES;
				CLANG_WARN_INT_CONVERSION = YES;
				CLANG_WARN_NON_LITERAL_NULL_CONVERSION = YES;
				CLANG_WARN_OBJC_IMPLICIT_RETAIN_SELF = YES;
				CLANG_WARN_OBJC_LITERAL_CONVERSION = YES;
				CLANG_WARN_OBJC_ROOT_CLASS = YES_ERROR;
				CLANG_WARN_RANGE_LOOP_ANALYSIS = YES;
				CLANG_WARN_STRICT_PROTOTYPES = YES;
				CLANG_WARN_SUSPICIOUS_MOVE = YES;
				CLANG_WARN_UNGUARDED_AVAILABILITY = YES_AGGRESSIVE;
				CLANG_WARN_UNREACHABLE_CODE = YES;
				CLANG_WARN__DUPLICATE_METHOD_MATCH = YES;
				COPY_PHASE_STRIP = NO;
				DEBUG_INFORMATION_FORMAT = dwarf;
				ENABLE_STRICT_OBJC_MSGSEND = YES;
				ENABLE_TESTABILITY = YES;
				GCC_C_LANGUAGE_STANDARD = gnu11;
				GCC_DYNAMIC_NO_PIC = NO;
				GCC_NO_COMMON_BLOCKS = YES;
				GCC_OPTIMIZATION_LEVEL = 0;
				GCC_PREPROCESSOR_DEFINITIONS = (
					"DEBUG=1",
					"$(inherited)",
				);
				GCC_WARN_64_TO_32_BIT_CONVERSION = YES;
				GCC_WARN_ABOUT_RETURN_TYPE = YES_ERROR;
				GCC_WARN_UNDECLARED_SELECTOR = YES;
				GCC_WARN_UNINITIALIZED_AUTOS = YES_AGGRESSIVE;
				GCC_WARN_UNUSED_FUNCTION = YES;
				GCC_WARN_UNUSED_VARIABLE = YES;
				IPHONEOS_DEPLOYMENT_TARGET = 13.2;
				MTL_ENABLE_DEBUG_INFO = INCLUDE_SOURCE;
				MTL_FAST_MATH = YES;
				ONLY_ACTIVE_ARCH = YES;
				SDKROOT = iphoneos;
				SWIFT_ACTIVE_COMPILATION_CONDITIONS = DEBUG;
				SWIFT_OPTIMIZATION_LEVEL = "-Onone";
			};
			name = Debug;
		};
		5B9B82AA237208CB0069C734 /* Release */ = {
			isa = XCBuildConfiguration;
			buildSettings = {
				ALWAYS_SEARCH_USER_PATHS = NO;
				CLANG_ANALYZER_NONNULL = YES;
				CLANG_ANALYZER_NUMBER_OBJECT_CONVERSION = YES_AGGRESSIVE;
				CLANG_CXX_LANGUAGE_STANDARD = "gnu++14";
				CLANG_CXX_LIBRARY = "libc++";
				CLANG_ENABLE_MODULES = YES;
				CLANG_ENABLE_OBJC_ARC = YES;
				CLANG_ENABLE_OBJC_WEAK = YES;
				CLANG_WARN_BLOCK_CAPTURE_AUTORELEASING = YES;
				CLANG_WARN_BOOL_CONVERSION = YES;
				CLANG_WARN_COMMA = YES;
				CLANG_WARN_CONSTANT_CONVERSION = YES;
				CLANG_WARN_DEPRECATED_OBJC_IMPLEMENTATIONS = YES;
				CLANG_WARN_DIRECT_OBJC_ISA_USAGE = YES_ERROR;
				CLANG_WARN_DOCUMENTATION_COMMENTS = YES;
				CLANG_WARN_EMPTY_BODY = YES;
				CLANG_WARN_ENUM_CONVERSION = YES;
				CLANG_WARN_INFINITE_RECURSION = YES;
				CLANG_WARN_INT_CONVERSION = YES;
				CLANG_WARN_NON_LITERAL_NULL_CONVERSION = YES;
				CLANG_WARN_OBJC_IMPLICIT_RETAIN_SELF = YES;
				CLANG_WARN_OBJC_LITERAL_CONVERSION = YES;
				CLANG_WARN_OBJC_ROOT_CLASS = YES_ERROR;
				CLANG_WARN_RANGE_LOOP_ANALYSIS = YES;
				CLANG_WARN_STRICT_PROTOTYPES = YES;
				CLANG_WARN_SUSPICIOUS_MOVE = YES;
				CLANG_WARN_UNGUARDED_AVAILABILITY = YES_AGGRESSIVE;
				CLANG_WARN_UNREACHABLE_CODE = YES;
				CLANG_WARN__DUPLICATE_METHOD_MATCH = YES;
				COPY_PHASE_STRIP = NO;
				DEBUG_INFORMATION_FORMAT = "dwarf-with-dsym";
				ENABLE_NS_ASSERTIONS = NO;
				ENABLE_STRICT_OBJC_MSGSEND = YES;
				GCC_C_LANGUAGE_STANDARD = gnu11;
				GCC_NO_COMMON_BLOCKS = YES;
				GCC_WARN_64_TO_32_BIT_CONVERSION = YES;
				GCC_WARN_ABOUT_RETURN_TYPE = YES_ERROR;
				GCC_WARN_UNDECLARED_SELECTOR = YES;
				GCC_WARN_UNINITIALIZED_AUTOS = YES_AGGRESSIVE;
				GCC_WARN_UNUSED_FUNCTION = YES;
				GCC_WARN_UNUSED_VARIABLE = YES;
				IPHONEOS_DEPLOYMENT_TARGET = 13.2;
				MTL_ENABLE_DEBUG_INFO = NO;
				MTL_FAST_MATH = YES;
				SDKROOT = iphoneos;
				SWIFT_COMPILATION_MODE = wholemodule;
				SWIFT_OPTIMIZATION_LEVEL = "-O";
				VALIDATE_PRODUCT = YES;
			};
			name = Release;
		};
		5B9B82AC237208CB0069C734 /* Debug */ = {
			isa = XCBuildConfiguration;
			buildSettings = {
				ASSETCATALOG_COMPILER_APPICON_NAME = AppIcon;
				CODE_SIGN_STYLE = Automatic;
				DEVELOPMENT_TEAM = AVL7796H62;
				INFOPLIST_FILE = ShoppingList/Info.plist;
				LD_RUNPATH_SEARCH_PATHS = (
					"$(inherited)",
					"@executable_path/Frameworks",
				);
				PRODUCT_BUNDLE_IDENTIFIER = com.alexa.ShoppingList;
				PRODUCT_NAME = "$(TARGET_NAME)";
				SWIFT_VERSION = 5.0;
				TARGETED_DEVICE_FAMILY = "1,2";
			};
			name = Debug;
		};
		5B9B82AD237208CB0069C734 /* Release */ = {
			isa = XCBuildConfiguration;
			buildSettings = {
				ASSETCATALOG_COMPILER_APPICON_NAME = AppIcon;
				CODE_SIGN_STYLE = Automatic;
				DEVELOPMENT_TEAM = AVL7796H62;
				INFOPLIST_FILE = ShoppingList/Info.plist;
				LD_RUNPATH_SEARCH_PATHS = (
					"$(inherited)",
					"@executable_path/Frameworks",
				);
				PRODUCT_BUNDLE_IDENTIFIER = com.alexa.ShoppingList;
				PRODUCT_NAME = "$(TARGET_NAME)";
				SWIFT_VERSION = 5.0;
				TARGETED_DEVICE_FAMILY = "1,2";
			};
			name = Release;
		};
		5B9B82AF237208CB0069C734 /* Debug */ = {
			isa = XCBuildConfiguration;
			buildSettings = {
				ALWAYS_EMBED_SWIFT_STANDARD_LIBRARIES = YES;
				BUNDLE_LOADER = "$(TEST_HOST)";
				CODE_SIGN_STYLE = Automatic;
				DEVELOPMENT_TEAM = AVL7796H62;
				INFOPLIST_FILE = ShoppingListTests/Info.plist;
				IPHONEOS_DEPLOYMENT_TARGET = 13.2;
				LD_RUNPATH_SEARCH_PATHS = (
					"$(inherited)",
					"@executable_path/Frameworks",
					"@loader_path/Frameworks",
				);
				PRODUCT_BUNDLE_IDENTIFIER = com.alexa.ShoppingListTests;
				PRODUCT_NAME = "$(TARGET_NAME)";
				SWIFT_VERSION = 5.0;
				TARGETED_DEVICE_FAMILY = "1,2";
				TEST_HOST = "$(BUILT_PRODUCTS_DIR)/ShoppingList.app/ShoppingList";
			};
			name = Debug;
		};
		5B9B82B0237208CB0069C734 /* Release */ = {
			isa = XCBuildConfiguration;
			buildSettings = {
				ALWAYS_EMBED_SWIFT_STANDARD_LIBRARIES = YES;
				BUNDLE_LOADER = "$(TEST_HOST)";
				CODE_SIGN_STYLE = Automatic;
				DEVELOPMENT_TEAM = AVL7796H62;
				INFOPLIST_FILE = ShoppingListTests/Info.plist;
				IPHONEOS_DEPLOYMENT_TARGET = 13.2;
				LD_RUNPATH_SEARCH_PATHS = (
					"$(inherited)",
					"@executable_path/Frameworks",
					"@loader_path/Frameworks",
				);
				PRODUCT_BUNDLE_IDENTIFIER = com.alexa.ShoppingListTests;
				PRODUCT_NAME = "$(TARGET_NAME)";
				SWIFT_VERSION = 5.0;
				TARGETED_DEVICE_FAMILY = "1,2";
				TEST_HOST = "$(BUILT_PRODUCTS_DIR)/ShoppingList.app/ShoppingList";
			};
			name = Release;
		};
		5B9B82B2237208CB0069C734 /* Debug */ = {
			isa = XCBuildConfiguration;
			buildSettings = {
				ALWAYS_EMBED_SWIFT_STANDARD_LIBRARIES = YES;
				CODE_SIGN_STYLE = Automatic;
				DEVELOPMENT_TEAM = AVL7796H62;
				INFOPLIST_FILE = ShoppingListUITests/Info.plist;
				LD_RUNPATH_SEARCH_PATHS = (
					"$(inherited)",
					"@executable_path/Frameworks",
					"@loader_path/Frameworks",
				);
				PRODUCT_BUNDLE_IDENTIFIER = com.alexa.ShoppingListUITests;
				PRODUCT_NAME = "$(TARGET_NAME)";
				SWIFT_VERSION = 5.0;
				TARGETED_DEVICE_FAMILY = "1,2";
				TEST_TARGET_NAME = ShoppingList;
			};
			name = Debug;
		};
		5B9B82B3237208CB0069C734 /* Release */ = {
			isa = XCBuildConfiguration;
			buildSettings = {
				ALWAYS_EMBED_SWIFT_STANDARD_LIBRARIES = YES;
				CODE_SIGN_STYLE = Automatic;
				DEVELOPMENT_TEAM = AVL7796H62;
				INFOPLIST_FILE = ShoppingListUITests/Info.plist;
				LD_RUNPATH_SEARCH_PATHS = (
					"$(inherited)",
					"@executable_path/Frameworks",
					"@loader_path/Frameworks",
				);
				PRODUCT_BUNDLE_IDENTIFIER = com.alexa.ShoppingListUITests;
				PRODUCT_NAME = "$(TARGET_NAME)";
				SWIFT_VERSION = 5.0;
				TARGETED_DEVICE_FAMILY = "1,2";
				TEST_TARGET_NAME = ShoppingList;
			};
			name = Release;
		};
/* End XCBuildConfiguration section */

/* Begin XCConfigurationList section */
		5B9B827C237208BD0069C734 /* Build configuration list for PBXProject "ShoppingList" */ = {
			isa = XCConfigurationList;
			buildConfigurations = (
				5B9B82A9237208CB0069C734 /* Debug */,
				5B9B82AA237208CB0069C734 /* Release */,
			);
			defaultConfigurationIsVisible = 0;
			defaultConfigurationName = Release;
		};
		5B9B82AB237208CB0069C734 /* Build configuration list for PBXNativeTarget "ShoppingList" */ = {
			isa = XCConfigurationList;
			buildConfigurations = (
				5B9B82AC237208CB0069C734 /* Debug */,
				5B9B82AD237208CB0069C734 /* Release */,
			);
			defaultConfigurationIsVisible = 0;
			defaultConfigurationName = Release;
		};
		5B9B82AE237208CB0069C734 /* Build configuration list for PBXNativeTarget "ShoppingListTests" */ = {
			isa = XCConfigurationList;
			buildConfigurations = (
				5B9B82AF237208CB0069C734 /* Debug */,
				5B9B82B0237208CB0069C734 /* Release */,
			);
			defaultConfigurationIsVisible = 0;
			defaultConfigurationName = Release;
		};
		5B9B82B1237208CB0069C734 /* Build configuration list for PBXNativeTarget "ShoppingListUITests" */ = {
			isa = XCConfigurationList;
			buildConfigurations = (
				5B9B82B2237208CB0069C734 /* Debug */,
				5B9B82B3237208CB0069C734 /* Release */,
			);
			defaultConfigurationIsVisible = 0;
			defaultConfigurationName = Release;
		};
/* End XCConfigurationList section */
	};
	rootObject = 5B9B8279237208BD0069C734 /* Project object */;
}
